
Microsoft Visual Studio Solution File, Format Version 12.00
# Visual Studio Version 17
VisualStudioVersion = 17.13.35931.197 d17.13
MinimumVisualStudioVersion = 10.0.40219.1
Project("{FAE04EC0-301F-11D3-BF4B-00C04F79EFBC}") = "InheritanceApp", "InheritanceApp\InheritanceApp.csproj", "{249B617F-083F-4BB6-B9C0-DD421AC17EF9}"
EndProject
Global
	GlobalSection(SolutionConfigurationPlatforms) = preSolution
		Debug|Any CPU = Debug|Any CPU
		Release|Any CPU = Release|Any CPU
	EndGlobalSection
	GlobalSection(ProjectConfigurationPlatforms) = postSolution
		{249B617F-083F-4BB6-B9C0-DD421AC17EF9}.Debug|Any CPU.ActiveCfg = Debug|Any CPU
		{249B617F-083F-4BB6-B9C0-DD421AC17EF9}.Debug|Any CPU.Build.0 = Debug|Any CPU
		{249B617F-083F-4BB6-B9C0-DD421AC17EF9}.Release|Any CPU.ActiveCfg = Release|Any CPU
		{249B617F-083F-4BB6-B9C0-DD421AC17EF9}.Release|Any CPU.Build.0 = Release|Any CPU
	EndGlobalSection
	GlobalSection(SolutionProperties) = preSolution
		HideSolutionNode = FALSE
	EndGlobalSection
	GlobalSection(ExtensibilityGlobals) = postSolution
		SolutionGuid = {A5E99ADF-6EF0-47EA-9878-6104C8DE3589}
	EndGlobalSection
EndGlobal
