
Microsoft Visual Studio Solution File, Format Version 12.00
# Visual Studio Version 17
VisualStudioVersion = 17.13.35931.197 d17.13
MinimumVisualStudioVersion = 10.0.40219.1
Project("{FAE04EC0-301F-11D3-BF4B-00C04F79EFBC}") = "ListsApp", "ListsApp\ListsApp.csproj", "{64B04414-4828-4E37-A9B5-D8697C0F5A61}"
EndProject
Global
	GlobalSection(SolutionConfigurationPlatforms) = preSolution
		Debug|Any CPU = Debug|Any CPU
		Release|Any CPU = Release|Any CPU
	EndGlobalSection
	GlobalSection(ProjectConfigurationPlatforms) = postSolution
		{64B04414-4828-4E37-A9B5-D8697C0F5A61}.Debug|Any CPU.ActiveCfg = Debug|Any CPU
		{64B04414-4828-4E37-A9B5-D8697C0F5A61}.Debug|Any CPU.Build.0 = Debug|Any CPU
		{64B04414-4828-4E37-A9B5-D8697C0F5A61}.Release|Any CPU.ActiveCfg = Release|Any CPU
		{64B04414-4828-4E37-A9B5-D8697C0F5A61}.Release|Any CPU.Build.0 = Release|Any CPU
	EndGlobalSection
	GlobalSection(SolutionProperties) = preSolution
		HideSolutionNode = FALSE
	EndGlobalSection
	GlobalSection(ExtensibilityGlobals) = postSolution
		SolutionGuid = {3DECE147-52C0-484B-9B3F-E427A19D47B8}
	EndGlobalSection
EndGlobal
